
Microsoft Visual Studio Solution File, Format Version 12.00
# Visual Studio Version 17
VisualStudioVersion = 17.2.32526.322
MinimumVisualStudioVersion = 10.0.40219.1
Project("{9A19103F-16F7-4668-BE54-9A1E7A4F7556}") = "PhiloAlterEgo", "PhiloAlterEgo\PhiloAlterEgo.csproj", "{F5BA784A-2C4A-414D-8A20-43148339A20F}"
EndProject
Project("{9A19103F-16F7-4668-BE54-9A1E7A4F7556}") = "PhiloAlterEgo.DAL", "PhiloAlterEgo.DAL\PhiloAlterEgo.DAL.csproj", "{F1AD5A0C-61E7-4DFC-8F4B-75C10D03B9A0}"
EndProject
Project("{9A19103F-16F7-4668-BE54-9A1E7A4F7556}") = "PhiloAlterEgo.DAL.Migrations", "PhiloAlterEgo.DAL.Migrations\PhiloAlterEgo.DAL.Migrations.csproj", "{8683C430-2D8A-4E7A-85BA-5EAF3273528A}"
EndProject
Project("{FAE04EC0-301F-11D3-BF4B-00C04F79EFBC}") = "PhiloAlterEgo.Core", "PhiloAlterEgo.Core\PhiloAlterEgo.Core.csproj", "{2E843E0D-923C-4F9F-A175-F4F9C7F094E0}"
EndProject
Global
	GlobalSection(SolutionConfigurationPlatforms) = preSolution
		Debug|Any CPU = Debug|Any CPU
		Release|Any CPU = Release|Any CPU
	EndGlobalSection
	GlobalSection(ProjectConfigurationPlatforms) = postSolution
		{F5BA784A-2C4A-414D-8A20-43148339A20F}.Debug|Any CPU.ActiveCfg = Debug|Any CPU
		{F5BA784A-2C4A-414D-8A20-43148339A20F}.Debug|Any CPU.Build.0 = Debug|Any CPU
		{F5BA784A-2C4A-414D-8A20-43148339A20F}.Release|Any CPU.ActiveCfg = Release|Any CPU
		{F5BA784A-2C4A-414D-8A20-43148339A20F}.Release|Any CPU.Build.0 = Release|Any CPU
		{F1AD5A0C-61E7-4DFC-8F4B-75C10D03B9A0}.Debug|Any CPU.ActiveCfg = Debug|Any CPU
		{F1AD5A0C-61E7-4DFC-8F4B-75C10D03B9A0}.Debug|Any CPU.Build.0 = Debug|Any CPU
		{F1AD5A0C-61E7-4DFC-8F4B-75C10D03B9A0}.Release|Any CPU.ActiveCfg = Release|Any CPU
		{F1AD5A0C-61E7-4DFC-8F4B-75C10D03B9A0}.Release|Any CPU.Build.0 = Release|Any CPU
		{8683C430-2D8A-4E7A-85BA-5EAF3273528A}.Debug|Any CPU.ActiveCfg = Debug|Any CPU
		{8683C430-2D8A-4E7A-85BA-5EAF3273528A}.Debug|Any CPU.Build.0 = Debug|Any CPU
		{8683C430-2D8A-4E7A-85BA-5EAF3273528A}.Release|Any CPU.ActiveCfg = Release|Any CPU
		{8683C430-2D8A-4E7A-85BA-5EAF3273528A}.Release|Any CPU.Build.0 = Release|Any CPU
		{2E843E0D-923C-4F9F-A175-F4F9C7F094E0}.Debug|Any CPU.ActiveCfg = Debug|Any CPU
		{2E843E0D-923C-4F9F-A175-F4F9C7F094E0}.Debug|Any CPU.Build.0 = Debug|Any CPU
		{2E843E0D-923C-4F9F-A175-F4F9C7F094E0}.Release|Any CPU.ActiveCfg = Release|Any CPU
		{2E843E0D-923C-4F9F-A175-F4F9C7F094E0}.Release|Any CPU.Build.0 = Release|Any CPU
	EndGlobalSection
	GlobalSection(SolutionProperties) = preSolution
		HideSolutionNode = FALSE
	EndGlobalSection
	GlobalSection(ExtensibilityGlobals) = postSolution
		SolutionGuid = {0F133402-1C65-4AFB-9458-646AB4FC2FB4}
	EndGlobalSection
EndGlobal
